
Microsoft Visual Studio Solution File, Format Version 12.00
# Visual Studio Version 16
VisualStudioVersion = 16.0.29613.14
MinimumVisualStudioVersion = 10.0.40219.1
Project("{FAE04EC0-301F-11D3-BF4B-00C04F79EFBC}") = "RTE_Tool_Template", "RTE_Tool_Template\RTE_Tool_Template.csproj", "{5014BB3D-A6D2-48E0-AAC3-CB8E258D319D}"
EndProject
Global
	GlobalSection(SolutionConfigurationPlatforms) = preSolution
		Debug|Any CPU = Debug|Any CPU
		Release|Any CPU = Release|Any CPU
	EndGlobalSection
	GlobalSection(ProjectConfigurationPlatforms) = postSolution
		{5014BB3D-A6D2-48E0-AAC3-CB8E258D319D}.Debug|Any CPU.ActiveCfg = Debug|Any CPU
		{5014BB3D-A6D2-48E0-AAC3-CB8E258D319D}.Debug|Any CPU.Build.0 = Debug|Any CPU
		{5014BB3D-A6D2-48E0-AAC3-CB8E258D319D}.Release|Any CPU.ActiveCfg = Release|Any CPU
		{5014BB3D-A6D2-48E0-AAC3-CB8E258D319D}.Release|Any CPU.Build.0 = Release|Any CPU
	EndGlobalSection
	GlobalSection(SolutionProperties) = preSolution
		HideSolutionNode = FALSE
	EndGlobalSection
	GlobalSection(ExtensibilityGlobals) = postSolution
		SolutionGuid = {B095EEE1-D18B-48C3-8684-7FF6B4EAA53C}
	EndGlobalSection
EndGlobal
